
Microsoft Visual Studio Solution File, Format Version 12.00
#
Project("{FAE04EC0-301F-11D3-BF4B-00C04F79EFBC}") = "RhymeFinder", "RhymeFinder\RhymeFinder.csproj", "{90AFE3C6-432D-424C-BA78-502E688154C7}"
EndProject
Project("{FAE04EC0-301F-11D3-BF4B-00C04F79EFBC}") = "RhymeFinder.Tests", "RhymeFinder.Tests\RhymeFinder.Tests.csproj", "{CE59817A-D609-4E51-83C6-115C97AEDBB4}"
EndProject
Global
	GlobalSection(SolutionConfigurationPlatforms) = preSolution
		Debug|Any CPU = Debug|Any CPU
		Release|Any CPU = Release|Any CPU
	EndGlobalSection
	GlobalSection(ProjectConfigurationPlatforms) = postSolution
	EndGlobalSection
EndGlobal
